
Microsoft Visual Studio Solution File, Format Version 12.00
# Visual Studio for Mac
Project("{FAE04EC0-301F-11D3-BF4B-00C04F79EFBC}") = "Ubisoft-GameJam-2015", "Ubisoft-GameJam-2015.csproj", "{46B7614E-4F61-6CB2-3EAB-F81DF5FCF687}"
EndProject
Global
	GlobalSection(SolutionConfigurationPlatforms) = preSolution
		Debug|Any CPU = Debug|Any CPU
		Release|Any CPU = Release|Any CPU
	EndGlobalSection
	GlobalSection(ProjectConfigurationPlatforms) = postSolution
		{46B7614E-4F61-6CB2-3EAB-F81DF5FCF687}.Debug|Any CPU.ActiveCfg = Debug|Any CPU
		{46B7614E-4F61-6CB2-3EAB-F81DF5FCF687}.Debug|Any CPU.Build.0 = Debug|Any CPU
		{46B7614E-4F61-6CB2-3EAB-F81DF5FCF687}.Release|Any CPU.ActiveCfg = Release|Any CPU
		{46B7614E-4F61-6CB2-3EAB-F81DF5FCF687}.Release|Any CPU.Build.0 = Release|Any CPU
	EndGlobalSection
	GlobalSection(SolutionProperties) = preSolution
		HideSolutionNode = FALSE
	EndGlobalSection
EndGlobal
